
Microsoft Visual Studio Solution File, Format Version 12.00
# Visual Studio 2013
VisualStudioVersion = 12.0.31101.0
MinimumVisualStudioVersion = 10.0.40219.1
Project("{FAE04EC0-301F-11D3-BF4B-00C04F79EFBC}") = "ImageQuery", "ImageQuery\ImageQuery.csproj", "{8AFD5E72-948B-45EF-A053-67612191200E}"
EndProject
Project("{FAE04EC0-301F-11D3-BF4B-00C04F79EFBC}") = "IMQ", "IMQ\IMQ.csproj", "{12E24864-89AE-4FC6-B92E-EF5E3B50B3D4}"
EndProject
Global
	GlobalSection(SolutionConfigurationPlatforms) = preSolution
		Debug|Any CPU = Debug|Any CPU
		Release|Any CPU = Release|Any CPU
	EndGlobalSection
	GlobalSection(ProjectConfigurationPlatforms) = postSolution
		{8AFD5E72-948B-45EF-A053-67612191200E}.Debug|Any CPU.ActiveCfg = Debug|Any CPU
		{8AFD5E72-948B-45EF-A053-67612191200E}.Debug|Any CPU.Build.0 = Debug|Any CPU
		{8AFD5E72-948B-45EF-A053-67612191200E}.Release|Any CPU.ActiveCfg = Release|Any CPU
		{8AFD5E72-948B-45EF-A053-67612191200E}.Release|Any CPU.Build.0 = Release|Any CPU
		{12E24864-89AE-4FC6-B92E-EF5E3B50B3D4}.Debug|Any CPU.ActiveCfg = Debug|Any CPU
		{12E24864-89AE-4FC6-B92E-EF5E3B50B3D4}.Debug|Any CPU.Build.0 = Debug|Any CPU
		{12E24864-89AE-4FC6-B92E-EF5E3B50B3D4}.Release|Any CPU.ActiveCfg = Release|Any CPU
		{12E24864-89AE-4FC6-B92E-EF5E3B50B3D4}.Release|Any CPU.Build.0 = Release|Any CPU
	EndGlobalSection
	GlobalSection(SolutionProperties) = preSolution
		HideSolutionNode = FALSE
	EndGlobalSection
EndGlobal
