
Microsoft Visual Studio Solution File, Format Version 12.00
# Visual Studio 2013
VisualStudioVersion = 12.0.31101.0
MinimumVisualStudioVersion = 10.0.40219.1
Project("{FAE04EC0-301F-11D3-BF4B-00C04F79EFBC}") = "ImageQuery", "ImageQuery\ImageQuery.csproj", "{8AFD5E72-948B-45EF-A053-67612191200E}"
EndProject
Project("{FAE04EC0-301F-11D3-BF4B-00C04F79EFBC}") = "IMQ", "IMQ\IMQ.csproj", "{12E24864-89AE-4FC6-B92E-EF5E3B50B3D4}"
EndProject
Project("{2150E333-8FDC-42A3-9474-1A3956D46DE8}") = "Solution Items", "Solution Items", "{6E515C47-AFBB-4E6A-8BAD-1FF37D5EA71B}"
	ProjectSection(SolutionItems) = preProject
		Performance1.psess = Performance1.psess
	EndProjectSection
EndProject
Global
	GlobalSection(SolutionConfigurationPlatforms) = preSolution
		Debug|Any CPU = Debug|Any CPU
		Release|Any CPU = Release|Any CPU
	EndGlobalSection
	GlobalSection(ProjectConfigurationPlatforms) = postSolution
		{8AFD5E72-948B-45EF-A053-67612191200E}.Debug|Any CPU.ActiveCfg = Debug|Any CPU
		{8AFD5E72-948B-45EF-A053-67612191200E}.Debug|Any CPU.Build.0 = Debug|Any CPU
		{8AFD5E72-948B-45EF-A053-67612191200E}.Release|Any CPU.ActiveCfg = Release|Any CPU
		{8AFD5E72-948B-45EF-A053-67612191200E}.Release|Any CPU.Build.0 = Release|Any CPU
		{12E24864-89AE-4FC6-B92E-EF5E3B50B3D4}.Debug|Any CPU.ActiveCfg = Debug|Any CPU
		{12E24864-89AE-4FC6-B92E-EF5E3B50B3D4}.Debug|Any CPU.Build.0 = Debug|Any CPU
		{12E24864-89AE-4FC6-B92E-EF5E3B50B3D4}.Release|Any CPU.ActiveCfg = Release|Any CPU
		{12E24864-89AE-4FC6-B92E-EF5E3B50B3D4}.Release|Any CPU.Build.0 = Release|Any CPU
	EndGlobalSection
	GlobalSection(SolutionProperties) = preSolution
		HideSolutionNode = FALSE
	EndGlobalSection
EndGlobal
